{
  "version": 4,
  "terraform_version": "1.9.7",
  "serial": 21,
  "lineage": "5ae62715-ffa6-4659-d994-fffd34a563ea",
  "outputs": {},
  "resources": [
    {
      "mode": "managed",
      "type": "azurerm_public_ip",
      "name": "my_public_ip_linux",
      "provider": "provider[\"registry.terraform.io/hashicorp/azurerm\"]",
      "instances": [
        {
          "schema_version": 0,
          "attributes": {
            "allocation_method": "Static",
            "ddos_protection_mode": "VirtualNetworkInherited",
            "ddos_protection_plan_id": null,
            "domain_name_label": null,
            "edge_zone": "",
            "fqdn": null,
            "id": "/subscriptions/547278e7-01d9-4f7c-9e1d-b32e9dc1d729/resourceGroups/roopa_terraform_rg/providers/Microsoft.Network/publicIPAddresses/public_ip",
            "idle_timeout_in_minutes": 4,
            "ip_address": "20.242.69.93",
            "ip_tags": null,
            "ip_version": "IPv4",
            "location": "eastus2",
            "name": "public_ip",
            "public_ip_prefix_id": null,
            "resource_group_name": "roopa_terraform_rg",
            "reverse_fqdn": null,
            "sku": "Standard",
            "sku_tier": "Regional",
            "tags": null,
            "timeouts": null,
            "zones": null
          },
          "sensitive_attributes": [],
          "private": "eyJlMmJmYjczMC1lY2FhLTExZTYtOGY4OC0zNDM2M2JjN2M0YzAiOnsiY3JlYXRlIjoxODAwMDAwMDAwMDAwLCJkZWxldGUiOjE4MDAwMDAwMDAwMDAsInJlYWQiOjMwMDAwMDAwMDAwMCwidXBkYXRlIjoxODAwMDAwMDAwMDAwfX0=",
          "dependencies": [
            "azurerm_resource_group.roopa_resource_group"
          ]
        }
      ]
    },
    {
      "mode": "managed",
      "type": "azurerm_resource_group",
      "name": "roopa_resource_group",
      "provider": "provider[\"registry.terraform.io/hashicorp/azurerm\"]",
      "instances": [
        {
          "schema_version": 0,
          "attributes": {
            "id": "/subscriptions/547278e7-01d9-4f7c-9e1d-b32e9dc1d729/resourceGroups/roopa_terraform_rg",
            "location": "eastus2",
            "managed_by": "",
            "name": "roopa_terraform_rg",
            "tags": null,
            "timeouts": null
          },
          "sensitive_attributes": [],
          "private": "eyJlMmJmYjczMC1lY2FhLTExZTYtOGY4OC0zNDM2M2JjN2M0YzAiOnsiY3JlYXRlIjo1NDAwMDAwMDAwMDAwLCJkZWxldGUiOjU0MDAwMDAwMDAwMDAsInJlYWQiOjMwMDAwMDAwMDAwMCwidXBkYXRlIjo1NDAwMDAwMDAwMDAwfX0="
        }
      ]
    }
  ],
  "check_results": null
}
