{
  "version": 4,
  "terraform_version": "1.9.7",
  "serial": 18,
  "lineage": "910a67d1-fd33-66d9-fbbb-4230d9f1dc14",
  "outputs": {},
  "resources": [
    {
      "module": "module.a1",
      "mode": "managed",
      "type": "local_file",
      "name": "file1",
      "provider": "provider[\"registry.terraform.io/hashicorp/local\"]",
      "instances": [
        {
          "schema_version": 0,
          "attributes": {
            "content": "heyy",
            "content_base64": null,
            "content_base64sha256": "vLb+ndzCeZ1nb5p+KGXmjGM9jjJK8nr41IiLUMw1YIM=",
            "content_base64sha512": "sG1gkjFpEJr4ZSM3S5n8zaLcKio761X1V9kz+hTskBFVoHUynn7kKGHv/B62uH0OEVdBv5kK2EAx0qxhzRhf2A==",
            "content_md5": "25e657bf7d43a851e35700d16b6a11b6",
            "content_sha1": "d8c4729b4ce6157149a985f9691684413398e8e9",
            "content_sha256": "bcb6fe9ddcc2799d676f9a7e2865e68c633d8e324af27af8d4888b50cc356083",
            "content_sha512": "b06d60923169109af86523374b99fccda2dc2a2a3beb55f557d933fa14ec901155a075329e7ee42861effc1eb6b87d0e115741bf990ad84031d2ac61cd185fd8",
            "directory_permission": "0777",
            "file_permission": "0777",
            "filename": "a.txt",
            "id": "d8c4729b4ce6157149a985f9691684413398e8e9",
            "sensitive_content": null,
            "source": null
          },
          "sensitive_attributes": [
            [
              {
                "type": "get_attr",
                "value": "sensitive_content"
              }
            ]
          ]
        }
      ]
    },
    {
      "module": "module.a1",
      "mode": "managed",
      "type": "local_file",
      "name": "file2",
      "provider": "provider[\"registry.terraform.io/hashicorp/local\"]",
      "instances": [
        {
          "schema_version": 0,
          "attributes": {
            "content": "bye",
            "content_base64": null,
            "content_base64sha256": "tJ9CWn4fnP84VjKa2iI/L502jxWgDPSN8WypWYYTf+g=",
            "content_base64sha512": "I8ne546Wm7SD/a5WPWga8BC3d0jfvZWUIqu3kvpFTbjj2ctOGjIkBms0lGXwmnENAl6FbbGdol1Vw5KKvvF8jA==",
            "content_md5": "bfa99df33b137bc8fb5f5407d7e58da8",
            "content_sha1": "78c9a53e2f28b543ea62c8266acfdf36d5c63e61",
            "content_sha256": "b49f425a7e1f9cff3856329ada223f2f9d368f15a00cf48df16ca95986137fe8",
            "content_sha512": "23c9dee78e969bb483fdae563d681af010b77748dfbd959422abb792fa454db8e3d9cb4e1a3224066b349465f09a710d025e856db19da25d55c3928abef17c8c",
            "directory_permission": "0777",
            "file_permission": "0777",
            "filename": "a.txt",
            "id": "78c9a53e2f28b543ea62c8266acfdf36d5c63e61",
            "sensitive_content": null,
            "source": null
          },
          "sensitive_attributes": [
            [
              {
                "type": "get_attr",
                "value": "sensitive_content"
              }
            ]
          ]
        }
      ]
    },
    {
      "module": "module.a2",
      "mode": "managed",
      "type": "local_file",
      "name": "file1",
      "provider": "provider[\"registry.terraform.io/hashicorp/local\"]",
      "instances": [
        {
          "schema_version": 0,
          "attributes": {
            "content": "heyy",
            "content_base64": null,
            "content_base64sha256": "vLb+ndzCeZ1nb5p+KGXmjGM9jjJK8nr41IiLUMw1YIM=",
            "content_base64sha512": "sG1gkjFpEJr4ZSM3S5n8zaLcKio761X1V9kz+hTskBFVoHUynn7kKGHv/B62uH0OEVdBv5kK2EAx0qxhzRhf2A==",
            "content_md5": "25e657bf7d43a851e35700d16b6a11b6",
            "content_sha1": "d8c4729b4ce6157149a985f9691684413398e8e9",
            "content_sha256": "bcb6fe9ddcc2799d676f9a7e2865e68c633d8e324af27af8d4888b50cc356083",
            "content_sha512": "b06d60923169109af86523374b99fccda2dc2a2a3beb55f557d933fa14ec901155a075329e7ee42861effc1eb6b87d0e115741bf990ad84031d2ac61cd185fd8",
            "directory_permission": "0777",
            "file_permission": "0777",
            "filename": "a2.txt",
            "id": "d8c4729b4ce6157149a985f9691684413398e8e9",
            "sensitive_content": null,
            "source": null
          },
          "sensitive_attributes": [
            [
              {
                "type": "get_attr",
                "value": "sensitive_content"
              }
            ]
          ]
        }
      ]
    },
    {
      "module": "module.a2",
      "mode": "managed",
      "type": "local_file",
      "name": "file2",
      "provider": "provider[\"registry.terraform.io/hashicorp/local\"]",
      "instances": [
        {
          "schema_version": 0,
          "attributes": {
            "content": "bye",
            "content_base64": null,
            "content_base64sha256": "tJ9CWn4fnP84VjKa2iI/L502jxWgDPSN8WypWYYTf+g=",
            "content_base64sha512": "I8ne546Wm7SD/a5WPWga8BC3d0jfvZWUIqu3kvpFTbjj2ctOGjIkBms0lGXwmnENAl6FbbGdol1Vw5KKvvF8jA==",
            "content_md5": "bfa99df33b137bc8fb5f5407d7e58da8",
            "content_sha1": "78c9a53e2f28b543ea62c8266acfdf36d5c63e61",
            "content_sha256": "b49f425a7e1f9cff3856329ada223f2f9d368f15a00cf48df16ca95986137fe8",
            "content_sha512": "23c9dee78e969bb483fdae563d681af010b77748dfbd959422abb792fa454db8e3d9cb4e1a3224066b349465f09a710d025e856db19da25d55c3928abef17c8c",
            "directory_permission": "0777",
            "file_permission": "0777",
            "filename": "a2.txt",
            "id": "78c9a53e2f28b543ea62c8266acfdf36d5c63e61",
            "sensitive_content": null,
            "source": null
          },
          "sensitive_attributes": [
            [
              {
                "type": "get_attr",
                "value": "sensitive_content"
              }
            ]
          ]
        }
      ]
    }
  ],
  "check_results": null
}
