{
  "version": 4,
  "terraform_version": "1.9.7",
  "serial": 3,
  "lineage": "aeed728b-d620-71af-ad8c-0bbb470ef7b5",
  "outputs": {
    "acr_login_server": {
      "value": "roopareg.azurecr.io",
      "type": "string",
      "sensitive": true
    }
  },
  "resources": [
    {
      "mode": "data",
      "type": "azurerm_resource_group",
      "name": "registry",
      "provider": "provider[\"registry.terraform.io/hashicorp/azurerm\"]",
      "instances": [
        {
          "schema_version": 0,
          "attributes": {
            "id": "/subscriptions/547278e7-01d9-4f7c-9e1d-b32e9dc1d729/resourceGroups/Roopa-azure",
            "location": "eastus2",
            "managed_by": "",
            "name": "Roopa-azure",
            "tags": {},
            "timeouts": null
          },
          "sensitive_attributes": []
        }
      ]
    },
    {
      "mode": "managed",
      "type": "azurerm_container_registry",
      "name": "tfreg",
      "provider": "provider[\"registry.terraform.io/hashicorp/azurerm\"]",
      "instances": [
        {
          "schema_version": 2,
          "attributes": {
            "admin_enabled": true,
            "admin_password": "nh7gC3KcsOPzympZAArJCJDszfk3xLagKZ+q9Lt8BS+ACRAqxZ8A",
            "admin_username": "roopareg",
            "anonymous_pull_enabled": false,
            "data_endpoint_enabled": false,
            "encryption": [],
            "export_policy_enabled": true,
            "georeplications": [],
            "id": "/subscriptions/547278e7-01d9-4f7c-9e1d-b32e9dc1d729/resourceGroups/Roopa-azure/providers/Microsoft.ContainerRegistry/registries/roopareg",
            "identity": [],
            "location": "eastus2",
            "login_server": "roopareg.azurecr.io",
            "name": "roopareg",
            "network_rule_bypass_option": "AzureServices",
            "network_rule_set": [
              {
                "default_action": "Allow",
                "ip_rule": []
              }
            ],
            "public_network_access_enabled": true,
            "quarantine_policy_enabled": false,
            "resource_group_name": "Roopa-azure",
            "retention_policy_in_days": 0,
            "sku": "Premium",
            "tags": {},
            "timeouts": null,
            "trust_policy_enabled": false,
            "zone_redundancy_enabled": false
          },
          "sensitive_attributes": [
            [
              {
                "type": "get_attr",
                "value": "admin_password"
              }
            ]
          ],
          "private": "eyJlMmJmYjczMC1lY2FhLTExZTYtOGY4OC0zNDM2M2JjN2M0YzAiOnsiY3JlYXRlIjoxODAwMDAwMDAwMDAwLCJkZWxldGUiOjE4MDAwMDAwMDAwMDAsInJlYWQiOjMwMDAwMDAwMDAwMCwidXBkYXRlIjoxODAwMDAwMDAwMDAwfSwic2NoZW1hX3ZlcnNpb24iOiIyIn0=",
          "dependencies": [
            "data.azurerm_resource_group.registry"
          ]
        }
      ]
    }
  ],
  "check_results": null
}
